
Microsoft Visual Studio Solution File, Format Version 12.00
# Visual Studio Version 17
VisualStudioVersion = 17.4.32804.182
MinimumVisualStudioVersion = 10.0.40219.1
Project("{FAE04EC0-301F-11D3-BF4B-00C04F79EFBC}") = "WpfProjectTemplate", "WpfProjectTemplate\WpfProjectTemplate.csproj", "{1BAC5775-A924-4FBB-BE8D-17EF35B54392}"
EndProject
Global
	GlobalSection(SolutionConfigurationPlatforms) = preSolution
		Debug|Any CPU = Debug|Any CPU
		Release|Any CPU = Release|Any CPU
	EndGlobalSection
	GlobalSection(ProjectConfigurationPlatforms) = postSolution
		{1BAC5775-A924-4FBB-BE8D-17EF35B54392}.Debug|Any CPU.ActiveCfg = Debug|Any CPU
		{1BAC5775-A924-4FBB-BE8D-17EF35B54392}.Debug|Any CPU.Build.0 = Debug|Any CPU
		{1BAC5775-A924-4FBB-BE8D-17EF35B54392}.Release|Any CPU.ActiveCfg = Release|Any CPU
		{1BAC5775-A924-4FBB-BE8D-17EF35B54392}.Release|Any CPU.Build.0 = Release|Any CPU
	EndGlobalSection
	GlobalSection(SolutionProperties) = preSolution
		HideSolutionNode = FALSE
	EndGlobalSection
	GlobalSection(ExtensibilityGlobals) = postSolution
		SolutionGuid = {78BA2783-2461-4E6E-8BFE-F973277798DB}
	EndGlobalSection
EndGlobal
